{
  "name": "GeoFS",
  "lockfileVersion": 2,
  "requires": true,
  "packages": {
    "": {
      "devDependencies": {
        "@types/cesium": "^1.70.0",
        "@types/jquery": "^3.5.10",
        "@types/leaflet": "^1.7.6",
        "cesium": "^1.88.0"
      }
    },
    "node_modules/@types/cesium": {
      "version": "1.70.0",
      "resolved": "https://registry.npmjs.org/@types/cesium/-/cesium-1.70.0.tgz",
      "integrity": "sha512-awCNt8Exv6oT+GALMgorfLYw43H5/99ZdKpG4Ovtft7dKpaAPkLuqpD1AobSjjtJ7xaOKKTj5fzYj+JQnPuzAQ==",
      "deprecated": "This is a stub types definition. cesium provides its own type definitions, so you do not need this installed.",
      "dev": true,
      "dependencies": {
        "cesium": "*"
      }
    },
    "node_modules/@types/geojson": {
      "version": "7946.0.8",
      "resolved": "https://registry.npmjs.org/@types/geojson/-/geojson-7946.0.8.tgz",
      "integrity": "sha512-1rkryxURpr6aWP7R786/UQOkJ3PcpQiWkAXBmdWc7ryFWqN6a4xfK7BtjXvFBKO9LjQ+MWQSWxYeZX1OApnArA==",
      "dev": true
    },
    "node_modules/@types/jquery": {
      "version": "3.5.10",
      "resolved": "https://registry.npmjs.org/@types/jquery/-/jquery-3.5.10.tgz",
      "integrity": "sha512-w2qT5DFikh5TXrW/aOaCvCP8g2MMAfPXo3oeHR9v7dRuAZhu38PUWEkYrL4e9VRTcgZE4yER21AHndgpq2QPTQ==",
      "dev": true,
      "dependencies": {
        "@types/sizzle": "*"
      }
    },
    "node_modules/@types/leaflet": {
      "version": "1.7.6",
      "resolved": "https://registry.npmjs.org/@types/leaflet/-/leaflet-1.7.6.tgz",
      "integrity": "sha512-Emkz3V08QnlelSbpT46OEAx+TBZYTOX2r1yM7W+hWg5+djHtQ1GbEXBDRLaqQDOYcDI51Ss0ayoqoKD4CtLUDA==",
      "dev": true,
      "dependencies": {
        "@types/geojson": "*"
      }
    },
    "node_modules/@types/sizzle": {
      "version": "2.3.3",
      "dev": true,
      "license": "MIT"
    },
    "node_modules/cesium": {
      "version": "1.88.0",
      "resolved": "https://registry.npmjs.org/cesium/-/cesium-1.88.0.tgz",
      "integrity": "sha512-Tu/U5noy+jTejtaPav5G9SAXss8I9MmR7Ug46ny2NnKQsmW7slO0MUlL3lxo0po7VSmI/E0dDU7Jo+WiRbooRQ==",
      "dev": true
    }
  },
  "dependencies": {
    "@types/cesium": {
      "version": "1.70.0",
      "resolved": "https://registry.npmjs.org/@types/cesium/-/cesium-1.70.0.tgz",
      "integrity": "sha512-awCNt8Exv6oT+GALMgorfLYw43H5/99ZdKpG4Ovtft7dKpaAPkLuqpD1AobSjjtJ7xaOKKTj5fzYj+JQnPuzAQ==",
      "dev": true,
      "requires": {
        "cesium": "*"
      }
    },
    "@types/geojson": {
      "version": "7946.0.8",
      "resolved": "https://registry.npmjs.org/@types/geojson/-/geojson-7946.0.8.tgz",
      "integrity": "sha512-1rkryxURpr6aWP7R786/UQOkJ3PcpQiWkAXBmdWc7ryFWqN6a4xfK7BtjXvFBKO9LjQ+MWQSWxYeZX1OApnArA==",
      "dev": true
    },
    "@types/jquery": {
      "version": "3.5.10",
      "resolved": "https://registry.npmjs.org/@types/jquery/-/jquery-3.5.10.tgz",
      "integrity": "sha512-w2qT5DFikh5TXrW/aOaCvCP8g2MMAfPXo3oeHR9v7dRuAZhu38PUWEkYrL4e9VRTcgZE4yER21AHndgpq2QPTQ==",
      "dev": true,
      "requires": {
        "@types/sizzle": "*"
      }
    },
    "@types/leaflet": {
      "version": "1.7.6",
      "resolved": "https://registry.npmjs.org/@types/leaflet/-/leaflet-1.7.6.tgz",
      "integrity": "sha512-Emkz3V08QnlelSbpT46OEAx+TBZYTOX2r1yM7W+hWg5+djHtQ1GbEXBDRLaqQDOYcDI51Ss0ayoqoKD4CtLUDA==",
      "dev": true,
      "requires": {
        "@types/geojson": "*"
      }
    },
    "@types/sizzle": {
      "version": "2.3.3",
      "dev": true
    },
    "cesium": {
      "version": "1.88.0",
      "resolved": "https://registry.npmjs.org/cesium/-/cesium-1.88.0.tgz",
      "integrity": "sha512-Tu/U5noy+jTejtaPav5G9SAXss8I9MmR7Ug46ny2NnKQsmW7slO0MUlL3lxo0po7VSmI/E0dDU7Jo+WiRbooRQ==",
      "dev": true
    }
  }
}
